{
  "version": "v1",
  "packages": {
    "@semapps/jsonld": {
      "signature": "5c09bcab1a8b908b6aedd1b2d392c629"
    },
    "@semapps/inference": {
      "signature": "09045b30e90f737d2a73d2dfb082485b"
    },
    "@semapps/auth": {
      "signature": "ff02c4a95a1ec8aa8f67ab5ebce3564e"
    },
    "@semapps/webid": {
      "signature": "88c74b5ba8ef52dd512df5e1cff20753"
    },
    "@semapps/ldp": {
      "signature": "a3f583722959518174bd21f7a6623b86"
    },
    "@semapps/middlewares": {
      "signature": "84aaa0f48f203e3f2836d0bed2cff150"
    }
  }
}