{
  "version": "v1",
  "packages": {
    "@semapps/jsonld": {
      "signature": "0d1772e4c195d24e268d81c64a5c612a"
    },
    "@semapps/inference": {
      "signature": "6e81aae7ef4ab03c56afa51f8ca79a6c"
    },
    "@semapps/auth": {
      "signature": "112d4ecf8453401d611f339bd083be51"
    },
    "@semapps/webid": {
      "signature": "57ff790976a10a8768f76dbed370af79"
    },
    "@semapps/ldp": {
      "signature": "d584099071f7c23f71120bd5a3e34298"
    },
    "@semapps/middlewares": {
      "signature": "9e0b7ce6e85ab38e2d7ae644fd3e8b25"
    }
  }
}