{
  "version": "v1",
  "packages": {
    "@semapps/jsonld": {
      "signature": "8b9f4a78457512a77eb95814fe407f24"
    },
    "@semapps/inference": {
      "signature": "4bd19bcc9b8c94c2b38db7af9966c472"
    },
    "@semapps/auth": {
      "signature": "4ada1806a11e0ffe32a057971a93c9c5"
    },
    "@semapps/webid": {
      "signature": "0e67382aef249b0a656d125847ff0aa3"
    },
    "@semapps/ldp": {
      "signature": "df56f6018dd4df6fae7c5774dc6cd060"
    },
    "@semapps/middlewares": {
      "signature": "221972c68f8ea140d46a3f0ee9b195bf"
    }
  }
}